
Microsoft Visual Studio Solution File, Format Version 11.00
# Visual Studio 2010
Project("{FAE04EC0-301F-11D3-BF4B-00C04F79EFBC}") = "Bumpers", "Assembly-CSharp.csproj", "{57D23245-8C9C-996C-8859-8ED189446571}"
EndProject
Global
	GlobalSection(SolutionConfigurationPlatforms) = preSolution
		Debug|Any CPU = Debug|Any CPU
		Release|Any CPU = Release|Any CPU
	EndGlobalSection
	GlobalSection(ProjectConfigurationPlatforms) = postSolution
		{57D23245-8C9C-996C-8859-8ED189446571}.Debug|Any CPU.ActiveCfg = Debug|Any CPU
		{57D23245-8C9C-996C-8859-8ED189446571}.Debug|Any CPU.Build.0 = Debug|Any CPU
		{57D23245-8C9C-996C-8859-8ED189446571}.Release|Any CPU.ActiveCfg = Release|Any CPU
		{57D23245-8C9C-996C-8859-8ED189446571}.Release|Any CPU.Build.0 = Release|Any CPU
	EndGlobalSection
	GlobalSection(SolutionProperties) = preSolution
		HideSolutionNode = FALSE
	EndGlobalSection
	GlobalSection(MonoDevelopProperties) = preSolution
		StartupItem = Assembly-CSharp.csproj
	EndGlobalSection
EndGlobal
