Microsoft Visual Studio Solution File, Format Version 11.00
# Visual Studio 2008

Project("{78E1C475-D509-7809-729D-8B4A8760CB1D}") = "Bubbles 2", "Assembly-CSharp.csproj", "{EFB6665C-451B-4AFA-CF2F-A019F2BD0C81}"
EndProject
Project("{78E1C475-D509-7809-729D-8B4A8760CB1D}") = "Bubbles 2", "Assembly-CSharp-Editor.csproj", "{0332A965-4DAC-3BDF-2AEE-DF99A5865E38}"
EndProject
Global
	GlobalSection(SolutionConfigurationPlatforms) = preSolution
		Debug|Any CPU = Debug|Any CPU
		Release|Any CPU = Release|Any CPU
	EndGlobalSection
	GlobalSection(ProjectConfigurationPlatforms) = postSolution
		{EFB6665C-451B-4AFA-CF2F-A019F2BD0C81}.Debug|Any CPU.ActiveCfg = Debug|Any CPU
		{EFB6665C-451B-4AFA-CF2F-A019F2BD0C81}.Debug|Any CPU.Build.0 = Debug|Any CPU
		{EFB6665C-451B-4AFA-CF2F-A019F2BD0C81}.Release|Any CPU.ActiveCfg = Release|Any CPU
		{EFB6665C-451B-4AFA-CF2F-A019F2BD0C81}.Release|Any CPU.Build.0 = Release|Any CPU
		{0332A965-4DAC-3BDF-2AEE-DF99A5865E38}.Debug|Any CPU.ActiveCfg = Debug|Any CPU
		{0332A965-4DAC-3BDF-2AEE-DF99A5865E38}.Debug|Any CPU.Build.0 = Debug|Any CPU
		{0332A965-4DAC-3BDF-2AEE-DF99A5865E38}.Release|Any CPU.ActiveCfg = Release|Any CPU
		{0332A965-4DAC-3BDF-2AEE-DF99A5865E38}.Release|Any CPU.Build.0 = Release|Any CPU
	EndGlobalSection
	GlobalSection(SolutionProperties) = preSolution
		HideSolutionNode = FALSE
	EndGlobalSection
																																										GlobalSection(MonoDevelopProperties) = preSolution
		StartupItem = Assembly-CSharp.csproj
		Policies = $0
		$0.TextStylePolicy = $1
		$1.inheritsSet = null
		$1.scope = text/x-csharp
		$0.CSharpFormattingPolicy = $2
		$2.inheritsSet = Mono
		$2.inheritsScope = text/x-csharp
		$2.scope = text/x-csharp
		$0.TextStylePolicy = $3
		$3.FileWidth = 120
		$3.TabWidth = 4
		$3.IndentWidth = 4
		$3.EolMarker = Unix
		$3.inheritsSet = Mono
		$3.inheritsScope = text/plain
		$3.scope = text/plain
	EndGlobalSection

EndGlobal
