Microsoft Visual Studio Solution File, Format Version 11.00
# Visual Studio 2008

Project("{4AF694B0-AE42-267E-AA4D-9AF7E341DF1B}") = "TurtleTree", "Assembly-CSharp.csproj", "{AAC883FF-4233-69D2-2C5D-9B507346E059}"
EndProject
Project("{4AF694B0-AE42-267E-AA4D-9AF7E341DF1B}") = "TurtleTree", "Assembly-CSharp-Editor.csproj", "{5DA446FD-9C8E-1050-9C7E-87DD9E748DD9}"
EndProject
Global
	GlobalSection(SolutionConfigurationPlatforms) = preSolution
		Debug|Any CPU = Debug|Any CPU
		Release|Any CPU = Release|Any CPU
	EndGlobalSection
	GlobalSection(ProjectConfigurationPlatforms) = postSolution
		{AAC883FF-4233-69D2-2C5D-9B507346E059}.Debug|Any CPU.ActiveCfg = Debug|Any CPU
		{AAC883FF-4233-69D2-2C5D-9B507346E059}.Debug|Any CPU.Build.0 = Debug|Any CPU
		{AAC883FF-4233-69D2-2C5D-9B507346E059}.Release|Any CPU.ActiveCfg = Release|Any CPU
		{AAC883FF-4233-69D2-2C5D-9B507346E059}.Release|Any CPU.Build.0 = Release|Any CPU
		{5DA446FD-9C8E-1050-9C7E-87DD9E748DD9}.Debug|Any CPU.ActiveCfg = Debug|Any CPU
		{5DA446FD-9C8E-1050-9C7E-87DD9E748DD9}.Debug|Any CPU.Build.0 = Debug|Any CPU
		{5DA446FD-9C8E-1050-9C7E-87DD9E748DD9}.Release|Any CPU.ActiveCfg = Release|Any CPU
		{5DA446FD-9C8E-1050-9C7E-87DD9E748DD9}.Release|Any CPU.Build.0 = Release|Any CPU
	EndGlobalSection
	GlobalSection(SolutionProperties) = preSolution
		HideSolutionNode = FALSE
	EndGlobalSection
	GlobalSection(MonoDevelopProperties) = preSolution
		StartupItem = Assembly-CSharp.csproj
	EndGlobalSection
EndGlobal
